// !$*UTF8*$!
{
	archiveVersion = 1;
	classes = {
	};
	objectVersion = 50;
	objects = {

/* Begin PBXBuildFile section */
		F01ECF9B22D9781300072BF1 /* AppDelegate.swift in Sources */ = {isa = PBXBuildFile; fileRef = F01ECF9A22D9781300072BF1 /* AppDelegate.swift */; };
		F01ECF9D22D9781300072BF1 /* ViewController.swift in Sources */ = {isa = PBXBuildFile; fileRef = F01ECF9C22D9781300072BF1 /* ViewController.swift */; };
		F01ECFA022D9781300072BF1 /* Main.storyboard in Resources */ = {isa = PBXBuildFile; fileRef = F01ECF9E22D9781300072BF1 /* Main.storyboard */; };
		F01ECFA222D9781400072BF1 /* Assets.xcassets in Resources */ = {isa = PBXBuildFile; fileRef = F01ECFA122D9781400072BF1 /* Assets.xcassets */; };
		F01ECFA522D9781400072BF1 /* LaunchScreen.storyboard in Resources */ = {isa = PBXBuildFile; fileRef = F01ECFA322D9781400072BF1 /* LaunchScreen.storyboard */; };
		F01ECFB022D9781400072BF1 /* GPUImageDemoTests.swift in Sources */ = {isa = PBXBuildFile; fileRef = F01ECFAF22D9781400072BF1 /* GPUImageDemoTests.swift */; };
		F01ECFBB22D9781400072BF1 /* GPUImageDemoUITests.swift in Sources */ = {isa = PBXBuildFile; fileRef = F01ECFBA22D9781400072BF1 /* GPUImageDemoUITests.swift */; };
		F01ECFD522D978FB00072BF1 /* GPUImage.framework in Frameworks */ = {isa = PBXBuildFile; fileRef = F01ECFD022D9789A00072BF1 /* GPUImage.framework */; };
		F01ECFD722D979A100072BF1 /* GPUImage.framework in CopyFiles */ = {isa = PBXBuildFile; fileRef = F01ECFD022D9789A00072BF1 /* GPUImage.framework */; settings = {ATTRIBUTES = (CodeSignOnCopy, RemoveHeadersOnCopy, ); }; };
/* End PBXBuildFile section */

/* Begin PBXContainerItemProxy section */
		F01ECFAC22D9781400072BF1 /* PBXContainerItemProxy */ = {
			isa = PBXContainerItemProxy;
			containerPortal = F01ECF8F22D9781300072BF1 /* Project object */;
			proxyType = 1;
			remoteGlobalIDString = F01ECF9622D9781300072BF1;
			remoteInfo = GPUImageDemo;
		};
		F01ECFB722D9781400072BF1 /* PBXContainerItemProxy */ = {
			isa = PBXContainerItemProxy;
			containerPortal = F01ECF8F22D9781300072BF1 /* Project object */;
			proxyType = 1;
			remoteGlobalIDString = F01ECF9622D9781300072BF1;
			remoteInfo = GPUImageDemo;
		};
		F01ECFCF22D9789A00072BF1 /* PBXContainerItemProxy */ = {
			isa = PBXContainerItemProxy;
			containerPortal = F01ECFCA22D9789900072BF1 /* GPUImage.xcodeproj */;
			proxyType = 2;
			remoteGlobalIDString = BCE0BE7C20D6DE610006E120;
			remoteInfo = GPUImage_iOS;
		};
		F01ECFD122D9789A00072BF1 /* PBXContainerItemProxy */ = {
			isa = PBXContainerItemProxy;
			containerPortal = F01ECFCA22D9789900072BF1 /* GPUImage.xcodeproj */;
			proxyType = 2;
			remoteGlobalIDString = BCE0BE8C20D6E2B80006E120;
			remoteInfo = GPUImage_macOS;
		};
		F01ECFD322D978C500072BF1 /* PBXContainerItemProxy */ = {
			isa = PBXContainerItemProxy;
			containerPortal = F01ECFCA22D9789900072BF1 /* GPUImage.xcodeproj */;
			proxyType = 1;
			remoteGlobalIDString = BCE0BE7B20D6DE610006E120;
			remoteInfo = GPUImage_iOS;
		};
/* End PBXContainerItemProxy section */

/* Begin PBXCopyFilesBuildPhase section */
		F01ECFD622D9797F00072BF1 /* CopyFiles */ = {
			isa = PBXCopyFilesBuildPhase;
			buildActionMask = 2147483647;
			dstPath = "";
			dstSubfolderSpec = 10;
			files = (
				F01ECFD722D979A100072BF1 /* GPUImage.framework in CopyFiles */,
			);
			runOnlyForDeploymentPostprocessing = 0;
		};
/* End PBXCopyFilesBuildPhase section */

/* Begin PBXFileReference section */
		F01ECF9722D9781300072BF1 /* GPUImageDemo.app */ = {isa = PBXFileReference; explicitFileType = wrapper.application; includeInIndex = 0; path = GPUImageDemo.app; sourceTree = BUILT_PRODUCTS_DIR; };
		F01ECF9A22D9781300072BF1 /* AppDelegate.swift */ = {isa = PBXFileReference; lastKnownFileType = sourcecode.swift; path = AppDelegate.swift; sourceTree = "<group>"; };
		F01ECF9C22D9781300072BF1 /* ViewController.swift */ = {isa = PBXFileReference; lastKnownFileType = sourcecode.swift; path = ViewController.swift; sourceTree = "<group>"; };
		F01ECF9F22D9781300072BF1 /* Base */ = {isa = PBXFileReference; lastKnownFileType = file.storyboard; name = Base; path = Base.lproj/Main.storyboard; sourceTree = "<group>"; };
		F01ECFA122D9781400072BF1 /* Assets.xcassets */ = {isa = PBXFileReference; lastKnownFileType = folder.assetcatalog; path = Assets.xcassets; sourceTree = "<group>"; };
		F01ECFA422D9781400072BF1 /* Base */ = {isa = PBXFileReference; lastKnownFileType = file.storyboard; name = Base; path = Base.lproj/LaunchScreen.storyboard; sourceTree = "<group>"; };
		F01ECFA622D9781400072BF1 /* Info.plist */ = {isa = PBXFileReference; lastKnownFileType = text.plist.xml; path = Info.plist; sourceTree = "<group>"; };
		F01ECFAB22D9781400072BF1 /* GPUImageDemoTests.xctest */ = {isa = PBXFileReference; explicitFileType = wrapper.cfbundle; includeInIndex = 0; path = GPUImageDemoTests.xctest; sourceTree = BUILT_PRODUCTS_DIR; };
		F01ECFAF22D9781400072BF1 /* GPUImageDemoTests.swift */ = {isa = PBXFileReference; lastKnownFileType = sourcecode.swift; path = GPUImageDemoTests.swift; sourceTree = "<group>"; };
		F01ECFB122D9781400072BF1 /* Info.plist */ = {isa = PBXFileReference; lastKnownFileType = text.plist.xml; path = Info.plist; sourceTree = "<group>"; };
		F01ECFB622D9781400072BF1 /* GPUImageDemoUITests.xctest */ = {isa = PBXFileReference; explicitFileType = wrapper.cfbundle; includeInIndex = 0; path = GPUImageDemoUITests.xctest; sourceTree = BUILT_PRODUCTS_DIR; };
		F01ECFBA22D9781400072BF1 /* GPUImageDemoUITests.swift */ = {isa = PBXFileReference; lastKnownFileType = sourcecode.swift; path = GPUImageDemoUITests.swift; sourceTree = "<group>"; };
		F01ECFBC22D9781400072BF1 /* Info.plist */ = {isa = PBXFileReference; lastKnownFileType = text.plist.xml; path = Info.plist; sourceTree = "<group>"; };
		F01ECFCA22D9789900072BF1 /* GPUImage.xcodeproj */ = {isa = PBXFileReference; lastKnownFileType = "wrapper.pb-project"; name = GPUImage.xcodeproj; path = "../../../Downloads/GPUImage3-master的副本/framework/GPUImage.xcodeproj"; sourceTree = "<group>"; };
/* End PBXFileReference section */

/* Begin PBXFrameworksBuildPhase section */
		F01ECF9422D9781300072BF1 /* Frameworks */ = {
			isa = PBXFrameworksBuildPhase;
			buildActionMask = 2147483647;
			files = (
				F01ECFD522D978FB00072BF1 /* GPUImage.framework in Frameworks */,
			);
			runOnlyForDeploymentPostprocessing = 0;
		};
		F01ECFA822D9781400072BF1 /* Frameworks */ = {
			isa = PBXFrameworksBuildPhase;
			buildActionMask = 2147483647;
			files = (
			);
			runOnlyForDeploymentPostprocessing = 0;
		};
		F01ECFB322D9781400072BF1 /* Frameworks */ = {
			isa = PBXFrameworksBuildPhase;
			buildActionMask = 2147483647;
			files = (
			);
			runOnlyForDeploymentPostprocessing = 0;
		};
/* End PBXFrameworksBuildPhase section */

/* Begin PBXGroup section */
		F01ECF8E22D9781300072BF1 = {
			isa = PBXGroup;
			children = (
				F01ECFC922D9788000072BF1 /* Frameworks */,
				F01ECF9922D9781300072BF1 /* GPUImageDemo */,
				F01ECFAE22D9781400072BF1 /* GPUImageDemoTests */,
				F01ECFB922D9781400072BF1 /* GPUImageDemoUITests */,
				F01ECF9822D9781300072BF1 /* Products */,
			);
			sourceTree = "<group>";
		};
		F01ECF9822D9781300072BF1 /* Products */ = {
			isa = PBXGroup;
			children = (
				F01ECF9722D9781300072BF1 /* GPUImageDemo.app */,
				F01ECFAB22D9781400072BF1 /* GPUImageDemoTests.xctest */,
				F01ECFB622D9781400072BF1 /* GPUImageDemoUITests.xctest */,
			);
			name = Products;
			sourceTree = "<group>";
		};
		F01ECF9922D9781300072BF1 /* GPUImageDemo */ = {
			isa = PBXGroup;
			children = (
				F01ECF9A22D9781300072BF1 /* AppDelegate.swift */,
				F01ECF9C22D9781300072BF1 /* ViewController.swift */,
				F01ECF9E22D9781300072BF1 /* Main.storyboard */,
				F01ECFA122D9781400072BF1 /* Assets.xcassets */,
				F01ECFA322D9781400072BF1 /* LaunchScreen.storyboard */,
				F01ECFA622D9781400072BF1 /* Info.plist */,
			);
			path = GPUImageDemo;
			sourceTree = "<group>";
		};
		F01ECFAE22D9781400072BF1 /* GPUImageDemoTests */ = {
			isa = PBXGroup;
			children = (
				F01ECFAF22D9781400072BF1 /* GPUImageDemoTests.swift */,
				F01ECFB122D9781400072BF1 /* Info.plist */,
			);
			path = GPUImageDemoTests;
			sourceTree = "<group>";
		};
		F01ECFB922D9781400072BF1 /* GPUImageDemoUITests */ = {
			isa = PBXGroup;
			children = (
				F01ECFBA22D9781400072BF1 /* GPUImageDemoUITests.swift */,
				F01ECFBC22D9781400072BF1 /* Info.plist */,
			);
			path = GPUImageDemoUITests;
			sourceTree = "<group>";
		};
		F01ECFC922D9788000072BF1 /* Frameworks */ = {
			isa = PBXGroup;
			children = (
				F01ECFCA22D9789900072BF1 /* GPUImage.xcodeproj */,
			);
			path = Frameworks;
			sourceTree = "<group>";
		};
		F01ECFCB22D9789900072BF1 /* Products */ = {
			isa = PBXGroup;
			children = (
				F01ECFD022D9789A00072BF1 /* GPUImage.framework */,
				F01ECFD222D9789A00072BF1 /* GPUImage.framework */,
			);
			name = Products;
			sourceTree = "<group>";
		};
/* End PBXGroup section */

/* Begin PBXNativeTarget section */
		F01ECF9622D9781300072BF1 /* GPUImageDemo */ = {
			isa = PBXNativeTarget;
			buildConfigurationList = F01ECFBF22D9781400072BF1 /* Build configuration list for PBXNativeTarget "GPUImageDemo" */;
			buildPhases = (
				F01ECF9322D9781300072BF1 /* Sources */,
				F01ECF9422D9781300072BF1 /* Frameworks */,
				F01ECF9522D9781300072BF1 /* Resources */,
				F01ECFD622D9797F00072BF1 /* CopyFiles */,
			);
			buildRules = (
			);
			dependencies = (
				F01ECFD422D978C500072BF1 /* PBXTargetDependency */,
			);
			name = GPUImageDemo;
			productName = GPUImageDemo;
			productReference = F01ECF9722D9781300072BF1 /* GPUImageDemo.app */;
			productType = "com.apple.product-type.application";
		};
		F01ECFAA22D9781400072BF1 /* GPUImageDemoTests */ = {
			isa = PBXNativeTarget;
			buildConfigurationList = F01ECFC222D9781400072BF1 /* Build configuration list for PBXNativeTarget "GPUImageDemoTests" */;
			buildPhases = (
				F01ECFA722D9781400072BF1 /* Sources */,
				F01ECFA822D9781400072BF1 /* Frameworks */,
				F01ECFA922D9781400072BF1 /* Resources */,
			);
			buildRules = (
			);
			dependencies = (
				F01ECFAD22D9781400072BF1 /* PBXTargetDependency */,
			);
			name = GPUImageDemoTests;
			productName = GPUImageDemoTests;
			productReference = F01ECFAB22D9781400072BF1 /* GPUImageDemoTests.xctest */;
			productType = "com.apple.product-type.bundle.unit-test";
		};
		F01ECFB522D9781400072BF1 /* GPUImageDemoUITests */ = {
			isa = PBXNativeTarget;
			buildConfigurationList = F01ECFC522D9781400072BF1 /* Build configuration list for PBXNativeTarget "GPUImageDemoUITests" */;
			buildPhases = (
				F01ECFB222D9781400072BF1 /* Sources */,
				F01ECFB322D9781400072BF1 /* Frameworks */,
				F01ECFB422D9781400072BF1 /* Resources */,
			);
			buildRules = (
			);
			dependencies = (
				F01ECFB822D9781400072BF1 /* PBXTargetDependency */,
			);
			name = GPUImageDemoUITests;
			productName = GPUImageDemoUITests;
			productReference = F01ECFB622D9781400072BF1 /* GPUImageDemoUITests.xctest */;
			productType = "com.apple.product-type.bundle.ui-testing";
		};
/* End PBXNativeTarget section */

/* Begin PBXProject section */
		F01ECF8F22D9781300072BF1 /* Project object */ = {
			isa = PBXProject;
			attributes = {
				LastSwiftUpdateCheck = 1020;
				LastUpgradeCheck = 1020;
				ORGANIZATIONNAME = "黄子汕";
				TargetAttributes = {
					F01ECF9622D9781300072BF1 = {
						CreatedOnToolsVersion = 10.2.1;
					};
					F01ECFAA22D9781400072BF1 = {
						CreatedOnToolsVersion = 10.2.1;
						TestTargetID = F01ECF9622D9781300072BF1;
					};
					F01ECFB522D9781400072BF1 = {
						CreatedOnToolsVersion = 10.2.1;
						TestTargetID = F01ECF9622D9781300072BF1;
					};
				};
			};
			buildConfigurationList = F01ECF9222D9781300072BF1 /* Build configuration list for PBXProject "GPUImageDemo" */;
			compatibilityVersion = "Xcode 9.3";
			developmentRegion = en;
			hasScannedForEncodings = 0;
			knownRegions = (
				en,
				Base,
			);
			mainGroup = F01ECF8E22D9781300072BF1;
			productRefGroup = F01ECF9822D9781300072BF1 /* Products */;
			projectDirPath = "";
			projectReferences = (
				{
					ProductGroup = F01ECFCB22D9789900072BF1 /* Products */;
					ProjectRef = F01ECFCA22D9789900072BF1 /* GPUImage.xcodeproj */;
				},
			);
			projectRoot = "";
			targets = (
				F01ECF9622D9781300072BF1 /* GPUImageDemo */,
				F01ECFAA22D9781400072BF1 /* GPUImageDemoTests */,
				F01ECFB522D9781400072BF1 /* GPUImageDemoUITests */,
			);
		};
/* End PBXProject section */

/* Begin PBXReferenceProxy section */
		F01ECFD022D9789A00072BF1 /* GPUImage.framework */ = {
			isa = PBXReferenceProxy;
			fileType = wrapper.framework;
			path = GPUImage.framework;
			remoteRef = F01ECFCF22D9789A00072BF1 /* PBXContainerItemProxy */;
			sourceTree = BUILT_PRODUCTS_DIR;
		};
		F01ECFD222D9789A00072BF1 /* GPUImage.framework */ = {
			isa = PBXReferenceProxy;
			fileType = wrapper.framework;
			path = GPUImage.framework;
			remoteRef = F01ECFD122D9789A00072BF1 /* PBXContainerItemProxy */;
			sourceTree = BUILT_PRODUCTS_DIR;
		};
/* End PBXReferenceProxy section */

/* Begin PBXResourcesBuildPhase section */
		F01ECF9522D9781300072BF1 /* Resources */ = {
			isa = PBXResourcesBuildPhase;
			buildActionMask = 2147483647;
			files = (
				F01ECFA522D9781400072BF1 /* LaunchScreen.storyboard in Resources */,
				F01ECFA222D9781400072BF1 /* Assets.xcassets in Resources */,
				F01ECFA022D9781300072BF1 /* Main.storyboard in Resources */,
			);
			runOnlyForDeploymentPostprocessing = 0;
		};
		F01ECFA922D9781400072BF1 /* Resources */ = {
			isa = PBXResourcesBuildPhase;
			buildActionMask = 2147483647;
			files = (
			);
			runOnlyForDeploymentPostprocessing = 0;
		};
		F01ECFB422D9781400072BF1 /* Resources */ = {
			isa = PBXResourcesBuildPhase;
			buildActionMask = 2147483647;
			files = (
			);
			runOnlyForDeploymentPostprocessing = 0;
		};
/* End PBXResourcesBuildPhase section */

/* Begin PBXSourcesBuildPhase section */
		F01ECF9322D9781300072BF1 /* Sources */ = {
			isa = PBXSourcesBuildPhase;
			buildActionMask = 2147483647;
			files = (
				F01ECF9D22D9781300072BF1 /* ViewController.swift in Sources */,
				F01ECF9B22D9781300072BF1 /* AppDelegate.swift in Sources */,
			);
			runOnlyForDeploymentPostprocessing = 0;
		};
		F01ECFA722D9781400072BF1 /* Sources */ = {
			isa = PBXSourcesBuildPhase;
			buildActionMask = 2147483647;
			files = (
				F01ECFB022D9781400072BF1 /* GPUImageDemoTests.swift in Sources */,
			);
			runOnlyForDeploymentPostprocessing = 0;
		};
		F01ECFB222D9781400072BF1 /* Sources */ = {
			isa = PBXSourcesBuildPhase;
			buildActionMask = 2147483647;
			files = (
				F01ECFBB22D9781400072BF1 /* GPUImageDemoUITests.swift in Sources */,
			);
			runOnlyForDeploymentPostprocessing = 0;
		};
/* End PBXSourcesBuildPhase section */

/* Begin PBXTargetDependency section */
		F01ECFAD22D9781400072BF1 /* PBXTargetDependency */ = {
			isa = PBXTargetDependency;
			target = F01ECF9622D9781300072BF1 /* GPUImageDemo */;
			targetProxy = F01ECFAC22D9781400072BF1 /* PBXContainerItemProxy */;
		};
		F01ECFB822D9781400072BF1 /* PBXTargetDependency */ = {
			isa = PBXTargetDependency;
			target = F01ECF9622D9781300072BF1 /* GPUImageDemo */;
			targetProxy = F01ECFB722D9781400072BF1 /* PBXContainerItemProxy */;
		};
		F01ECFD422D978C500072BF1 /* PBXTargetDependency */ = {
			isa = PBXTargetDependency;
			name = GPUImage_iOS;
			targetProxy = F01ECFD322D978C500072BF1 /* PBXContainerItemProxy */;
		};
/* End PBXTargetDependency section */

/* Begin PBXVariantGroup section */
		F01ECF9E22D9781300072BF1 /* Main.storyboard */ = {
			isa = PBXVariantGroup;
			children = (
				F01ECF9F22D9781300072BF1 /* Base */,
			);
			name = Main.storyboard;
			sourceTree = "<group>";
		};
		F01ECFA322D9781400072BF1 /* LaunchScreen.storyboard */ = {
			isa = PBXVariantGroup;
			children = (
				F01ECFA422D9781400072BF1 /* Base */,
			);
			name = LaunchScreen.storyboard;
			sourceTree = "<group>";
		};
/* End PBXVariantGroup section */

/* Begin XCBuildConfiguration section */
		F01ECFBD22D9781400072BF1 /* Debug */ = {
			isa = XCBuildConfiguration;
			buildSettings = {
				ALWAYS_SEARCH_USER_PATHS = NO;
				CLANG_ANALYZER_NONNULL = YES;
				CLANG_ANALYZER_NUMBER_OBJECT_CONVERSION = YES_AGGRESSIVE;
				CLANG_CXX_LANGUAGE_STANDARD = "gnu++14";
				CLANG_CXX_LIBRARY = "libc++";
				CLANG_ENABLE_MODULES = YES;
				CLANG_ENABLE_OBJC_ARC = YES;
				CLANG_ENABLE_OBJC_WEAK = YES;
				CLANG_WARN_BLOCK_CAPTURE_AUTORELEASING = YES;
				CLANG_WARN_BOOL_CONVERSION = YES;
				CLANG_WARN_COMMA = YES;
				CLANG_WARN_CONSTANT_CONVERSION = YES;
				CLANG_WARN_DEPRECATED_OBJC_IMPLEMENTATIONS = YES;
				CLANG_WARN_DIRECT_OBJC_ISA_USAGE = YES_ERROR;
				CLANG_WARN_DOCUMENTATION_COMMENTS = YES;
				CLANG_WARN_EMPTY_BODY = YES;
				CLANG_WARN_ENUM_CONVERSION = YES;
				CLANG_WARN_INFINITE_RECURSION = YES;
				CLANG_WARN_INT_CONVERSION = YES;
				CLANG_WARN_NON_LITERAL_NULL_CONVERSION = YES;
				CLANG_WARN_OBJC_IMPLICIT_RETAIN_SELF = YES;
				CLANG_WARN_OBJC_LITERAL_CONVERSION = YES;
				CLANG_WARN_OBJC_ROOT_CLASS = YES_ERROR;
				CLANG_WARN_RANGE_LOOP_ANALYSIS = YES;
				CLANG_WARN_STRICT_PROTOTYPES = YES;
				CLANG_WARN_SUSPICIOUS_MOVE = YES;
				CLANG_WARN_UNGUARDED_AVAILABILITY = YES_AGGRESSIVE;
				CLANG_WARN_UNREACHABLE_CODE = YES;
				CLANG_WARN__DUPLICATE_METHOD_MATCH = YES;
				CODE_SIGN_IDENTITY = "iPhone Developer";
				COPY_PHASE_STRIP = NO;
				DEBUG_INFORMATION_FORMAT = dwarf;
				ENABLE_STRICT_OBJC_MSGSEND = YES;
				ENABLE_TESTABILITY = YES;
				GCC_C_LANGUAGE_STANDARD = gnu11;
				GCC_DYNAMIC_NO_PIC = NO;
				GCC_NO_COMMON_BLOCKS = YES;
				GCC_OPTIMIZATION_LEVEL = 0;
				GCC_PREPROCESSOR_DEFINITIONS = (
					"DEBUG=1",
					"$(inherited)",
				);
				GCC_WARN_64_TO_32_BIT_CONVERSION = YES;
				GCC_WARN_ABOUT_RETURN_TYPE = YES_ERROR;
				GCC_WARN_UNDECLARED_SELECTOR = YES;
				GCC_WARN_UNINITIALIZED_AUTOS = YES_AGGRESSIVE;
				GCC_WARN_UNUSED_FUNCTION = YES;
				GCC_WARN_UNUSED_VARIABLE = YES;
				IPHONEOS_DEPLOYMENT_TARGET = 12.2;
				MTL_ENABLE_DEBUG_INFO = INCLUDE_SOURCE;
				MTL_FAST_MATH = YES;
				ONLY_ACTIVE_ARCH = YES;
				SDKROOT = iphoneos;
				SWIFT_ACTIVE_COMPILATION_CONDITIONS = DEBUG;
				SWIFT_OPTIMIZATION_LEVEL = "-Onone";
			};
			name = Debug;
		};
		F01ECFBE22D9781400072BF1 /* Release */ = {
			isa = XCBuildConfiguration;
			buildSettings = {
				ALWAYS_SEARCH_USER_PATHS = NO;
				CLANG_ANALYZER_NONNULL = YES;
				CLANG_ANALYZER_NUMBER_OBJECT_CONVERSION = YES_AGGRESSIVE;
				CLANG_CXX_LANGUAGE_STANDARD = "gnu++14";
				CLANG_CXX_LIBRARY = "libc++";
				CLANG_ENABLE_MODULES = YES;
				CLANG_ENABLE_OBJC_ARC = YES;
				CLANG_ENABLE_OBJC_WEAK = YES;
				CLANG_WARN_BLOCK_CAPTURE_AUTORELEASING = YES;
				CLANG_WARN_BOOL_CONVERSION = YES;
				CLANG_WARN_COMMA = YES;
				CLANG_WARN_CONSTANT_CONVERSION = YES;
				CLANG_WARN_DEPRECATED_OBJC_IMPLEMENTATIONS = YES;
				CLANG_WARN_DIRECT_OBJC_ISA_USAGE = YES_ERROR;
				CLANG_WARN_DOCUMENTATION_COMMENTS = YES;
				CLANG_WARN_EMPTY_BODY = YES;
				CLANG_WARN_ENUM_CONVERSION = YES;
				CLANG_WARN_INFINITE_RECURSION = YES;
				CLANG_WARN_INT_CONVERSION = YES;
				CLANG_WARN_NON_LITERAL_NULL_CONVERSION = YES;
				CLANG_WARN_OBJC_IMPLICIT_RETAIN_SELF = YES;
				CLANG_WARN_OBJC_LITERAL_CONVERSION = YES;
				CLANG_WARN_OBJC_ROOT_CLASS = YES_ERROR;
				CLANG_WARN_RANGE_LOOP_ANALYSIS = YES;
				CLANG_WARN_STRICT_PROTOTYPES = YES;
				CLANG_WARN_SUSPICIOUS_MOVE = YES;
				CLANG_WARN_UNGUARDED_AVAILABILITY = YES_AGGRESSIVE;
				CLANG_WARN_UNREACHABLE_CODE = YES;
				CLANG_WARN__DUPLICATE_METHOD_MATCH = YES;
				CODE_SIGN_IDENTITY = "iPhone Developer";
				COPY_PHASE_STRIP = NO;
				DEBUG_INFORMATION_FORMAT = "dwarf-with-dsym";
				ENABLE_NS_ASSERTIONS = NO;
				ENABLE_STRICT_OBJC_MSGSEND = YES;
				GCC_C_LANGUAGE_STANDARD = gnu11;
				GCC_NO_COMMON_BLOCKS = YES;
				GCC_WARN_64_TO_32_BIT_CONVERSION = YES;
				GCC_WARN_ABOUT_RETURN_TYPE = YES_ERROR;
				GCC_WARN_UNDECLARED_SELECTOR = YES;
				GCC_WARN_UNINITIALIZED_AUTOS = YES_AGGRESSIVE;
				GCC_WARN_UNUSED_FUNCTION = YES;
				GCC_WARN_UNUSED_VARIABLE = YES;
				IPHONEOS_DEPLOYMENT_TARGET = 12.2;
				MTL_ENABLE_DEBUG_INFO = NO;
				MTL_FAST_MATH = YES;
				SDKROOT = iphoneos;
				SWIFT_COMPILATION_MODE = wholemodule;
				SWIFT_OPTIMIZATION_LEVEL = "-O";
				VALIDATE_PRODUCT = YES;
			};
			name = Release;
		};
		F01ECFC022D9781400072BF1 /* Debug */ = {
			isa = XCBuildConfiguration;
			buildSettings = {
				ASSETCATALOG_COMPILER_APPICON_NAME = AppIcon;
				CODE_SIGN_STYLE = Automatic;
				DEVELOPMENT_TEAM = Z2NLJQ48DB;
				INFOPLIST_FILE = GPUImageDemo/Info.plist;
				IPHONEOS_DEPLOYMENT_TARGET = 9.0;
				LD_RUNPATH_SEARCH_PATHS = (
					"$(inherited)",
					"@executable_path/Frameworks",
				);
				PRODUCT_BUNDLE_IDENTIFIER = com.HZSTest.www.GPUImageDemo;
				PRODUCT_NAME = "$(TARGET_NAME)";
				SWIFT_VERSION = 5.0;
				TARGETED_DEVICE_FAMILY = "1,2";
			};
			name = Debug;
		};
		F01ECFC122D9781400072BF1 /* Release */ = {
			isa = XCBuildConfiguration;
			buildSettings = {
				ASSETCATALOG_COMPILER_APPICON_NAME = AppIcon;
				CODE_SIGN_STYLE = Automatic;
				DEVELOPMENT_TEAM = Z2NLJQ48DB;
				INFOPLIST_FILE = GPUImageDemo/Info.plist;
				IPHONEOS_DEPLOYMENT_TARGET = 9.0;
				LD_RUNPATH_SEARCH_PATHS = (
					"$(inherited)",
					"@executable_path/Frameworks",
				);
				PRODUCT_BUNDLE_IDENTIFIER = com.HZSTest.www.GPUImageDemo;
				PRODUCT_NAME = "$(TARGET_NAME)";
				SWIFT_VERSION = 5.0;
				TARGETED_DEVICE_FAMILY = "1,2";
			};
			name = Release;
		};
		F01ECFC322D9781400072BF1 /* Debug */ = {
			isa = XCBuildConfiguration;
			buildSettings = {
				ALWAYS_EMBED_SWIFT_STANDARD_LIBRARIES = YES;
				BUNDLE_LOADER = "$(TEST_HOST)";
				CODE_SIGN_STYLE = Automatic;
				INFOPLIST_FILE = GPUImageDemoTests/Info.plist;
				LD_RUNPATH_SEARCH_PATHS = (
					"$(inherited)",
					"@executable_path/Frameworks",
					"@loader_path/Frameworks",
				);
				PRODUCT_BUNDLE_IDENTIFIER = com.HZSTest.www.GPUImageDemoTests;
				PRODUCT_NAME = "$(TARGET_NAME)";
				SWIFT_VERSION = 5.0;
				TARGETED_DEVICE_FAMILY = "1,2";
				TEST_HOST = "$(BUILT_PRODUCTS_DIR)/GPUImageDemo.app/GPUImageDemo";
			};
			name = Debug;
		};
		F01ECFC422D9781400072BF1 /* Release */ = {
			isa = XCBuildConfiguration;
			buildSettings = {
				ALWAYS_EMBED_SWIFT_STANDARD_LIBRARIES = YES;
				BUNDLE_LOADER = "$(TEST_HOST)";
				CODE_SIGN_STYLE = Automatic;
				INFOPLIST_FILE = GPUImageDemoTests/Info.plist;
				LD_RUNPATH_SEARCH_PATHS = (
					"$(inherited)",
					"@executable_path/Frameworks",
					"@loader_path/Frameworks",
				);
				PRODUCT_BUNDLE_IDENTIFIER = com.HZSTest.www.GPUImageDemoTests;
				PRODUCT_NAME = "$(TARGET_NAME)";
				SWIFT_VERSION = 5.0;
				TARGETED_DEVICE_FAMILY = "1,2";
				TEST_HOST = "$(BUILT_PRODUCTS_DIR)/GPUImageDemo.app/GPUImageDemo";
			};
			name = Release;
		};
		F01ECFC622D9781400072BF1 /* Debug */ = {
			isa = XCBuildConfiguration;
			buildSettings = {
				ALWAYS_EMBED_SWIFT_STANDARD_LIBRARIES = YES;
				CODE_SIGN_STYLE = Automatic;
				INFOPLIST_FILE = GPUImageDemoUITests/Info.plist;
				LD_RUNPATH_SEARCH_PATHS = (
					"$(inherited)",
					"@executable_path/Frameworks",
					"@loader_path/Frameworks",
				);
				PRODUCT_BUNDLE_IDENTIFIER = com.HZSTest.www.GPUImageDemoUITests;
				PRODUCT_NAME = "$(TARGET_NAME)";
				SWIFT_VERSION = 5.0;
				TARGETED_DEVICE_FAMILY = "1,2";
				TEST_TARGET_NAME = GPUImageDemo;
			};
			name = Debug;
		};
		F01ECFC722D9781400072BF1 /* Release */ = {
			isa = XCBuildConfiguration;
			buildSettings = {
				ALWAYS_EMBED_SWIFT_STANDARD_LIBRARIES = YES;
				CODE_SIGN_STYLE = Automatic;
				INFOPLIST_FILE = GPUImageDemoUITests/Info.plist;
				LD_RUNPATH_SEARCH_PATHS = (
					"$(inherited)",
					"@executable_path/Frameworks",
					"@loader_path/Frameworks",
				);
				PRODUCT_BUNDLE_IDENTIFIER = com.HZSTest.www.GPUImageDemoUITests;
				PRODUCT_NAME = "$(TARGET_NAME)";
				SWIFT_VERSION = 5.0;
				TARGETED_DEVICE_FAMILY = "1,2";
				TEST_TARGET_NAME = GPUImageDemo;
			};
			name = Release;
		};
/* End XCBuildConfiguration section */

/* Begin XCConfigurationList section */
		F01ECF9222D9781300072BF1 /* Build configuration list for PBXProject "GPUImageDemo" */ = {
			isa = XCConfigurationList;
			buildConfigurations = (
				F01ECFBD22D9781400072BF1 /* Debug */,
				F01ECFBE22D9781400072BF1 /* Release */,
			);
			defaultConfigurationIsVisible = 0;
			defaultConfigurationName = Release;
		};
		F01ECFBF22D9781400072BF1 /* Build configuration list for PBXNativeTarget "GPUImageDemo" */ = {
			isa = XCConfigurationList;
			buildConfigurations = (
				F01ECFC022D9781400072BF1 /* Debug */,
				F01ECFC122D9781400072BF1 /* Release */,
			);
			defaultConfigurationIsVisible = 0;
			defaultConfigurationName = Release;
		};
		F01ECFC222D9781400072BF1 /* Build configuration list for PBXNativeTarget "GPUImageDemoTests" */ = {
			isa = XCConfigurationList;
			buildConfigurations = (
				F01ECFC322D9781400072BF1 /* Debug */,
				F01ECFC422D9781400072BF1 /* Release */,
			);
			defaultConfigurationIsVisible = 0;
			defaultConfigurationName = Release;
		};
		F01ECFC522D9781400072BF1 /* Build configuration list for PBXNativeTarget "GPUImageDemoUITests" */ = {
			isa = XCConfigurationList;
			buildConfigurations = (
				F01ECFC622D9781400072BF1 /* Debug */,
				F01ECFC722D9781400072BF1 /* Release */,
			);
			defaultConfigurationIsVisible = 0;
			defaultConfigurationName = Release;
		};
/* End XCConfigurationList section */
	};
	rootObject = F01ECF8F22D9781300072BF1 /* Project object */;
}
